
Microsoft Visual Studio Solution File, Format Version 12.00
# Visual Studio Version 16
VisualStudioVersion = 16.0.30104.148
MinimumVisualStudioVersion = 10.0.40219.1
Project("{9A19103F-16F7-4668-BE54-9A1E7A4F7556}") = "cw11", "cw11.csproj", "{51E134A4-8465-4BD7-A7AF-1747374DCEED}"
EndProject
Global
	GlobalSection(SolutionConfigurationPlatforms) = preSolution
		Debug|Any CPU = Debug|Any CPU
		Release|Any CPU = Release|Any CPU
	EndGlobalSection
	GlobalSection(ProjectConfigurationPlatforms) = postSolution
		{51E134A4-8465-4BD7-A7AF-1747374DCEED}.Debug|Any CPU.ActiveCfg = Debug|Any CPU
		{51E134A4-8465-4BD7-A7AF-1747374DCEED}.Debug|Any CPU.Build.0 = Debug|Any CPU
		{51E134A4-8465-4BD7-A7AF-1747374DCEED}.Release|Any CPU.ActiveCfg = Release|Any CPU
		{51E134A4-8465-4BD7-A7AF-1747374DCEED}.Release|Any CPU.Build.0 = Release|Any CPU
	EndGlobalSection
	GlobalSection(SolutionProperties) = preSolution
		HideSolutionNode = FALSE
	EndGlobalSection
	GlobalSection(ExtensibilityGlobals) = postSolution
		SolutionGuid = {C1795039-2281-49DE-9894-183CD38A3590}
	EndGlobalSection
EndGlobal
